{
  "name": "kairos-os",
  "lockfileVersion": 3,
  "requires": true,
  "packages": {
    "": {
      "dependencies": {
        "@fontsource/doto": "^5.2.10"
      }
    },
    "node_modules/@fontsource/doto": {
      "version": "5.2.10",
      "resolved": "https://registry.npmjs.org/@fontsource/doto/-/doto-5.2.10.tgz",
      "integrity": "sha512-ufujoYfFqlYaDD27ctpsZny3UH+uhCqKNgwIFZvtOAuiao3O2v0tDDxn2lrDgjbDBUrQzJufQk/yzzSyf/wICw==",
      "license": "OFL-1.1",
      "funding": {
        "url": "https://github.com/sponsors/ayuhito"
      }
    }
  }
}
